
Microsoft Visual Studio Solution File, Format Version 12.00
# Visual Studio Express 2012 for Windows Desktop
Project("{FAE04EC0-301F-11D3-BF4B-00C04F79EFBC}") = "TZInf.analiz.finaly", "TZInf.analiz.finaly\TZInf.analiz.finaly.csproj", "{DA53771E-E4E7-4F77-B9F2-182B186AD0D4}"
EndProject
Global
	GlobalSection(SolutionConfigurationPlatforms) = preSolution
		Debug|Any CPU = Debug|Any CPU
		Release|Any CPU = Release|Any CPU
	EndGlobalSection
	GlobalSection(ProjectConfigurationPlatforms) = postSolution
		{DA53771E-E4E7-4F77-B9F2-182B186AD0D4}.Debug|Any CPU.ActiveCfg = Debug|Any CPU
		{DA53771E-E4E7-4F77-B9F2-182B186AD0D4}.Debug|Any CPU.Build.0 = Debug|Any CPU
		{DA53771E-E4E7-4F77-B9F2-182B186AD0D4}.Release|Any CPU.ActiveCfg = Release|Any CPU
		{DA53771E-E4E7-4F77-B9F2-182B186AD0D4}.Release|Any CPU.Build.0 = Release|Any CPU
	EndGlobalSection
	GlobalSection(SolutionProperties) = preSolution
		HideSolutionNode = FALSE
	EndGlobalSection
EndGlobal
